// !$*UTF8*$!
{
	archiveVersion = 1;
	classes = {
	};
	objectVersion = 56;
	objects = {

/* Begin PBXBuildFile section */
		0559D0AC2C500C2A00EEEC1A /* Deino_BaseApp.swift in Sources */ = {isa = PBXBuildFile; fileRef = 0559D0AB2C500C2A00EEEC1A /* Deino_BaseApp.swift */; };
		0559D0AE2C500C2A00EEEC1A /* ContentView.swift in Sources */ = {isa = PBXBuildFile; fileRef = 0559D0AD2C500C2A00EEEC1A /* ContentView.swift */; };
		0559D0B02C500C2B00EEEC1A /* Assets.xcassets in Resources */ = {isa = PBXBuildFile; fileRef = 0559D0AF2C500C2B00EEEC1A /* Assets.xcassets */; };
		0559D0B32C500C2B00EEEC1A /* Preview Assets.xcassets in Resources */ = {isa = PBXBuildFile; fileRef = 0559D0B22C500C2B00EEEC1A /* Preview Assets.xcassets */; };
		0559D0BA2C503D6B00EEEC1A /* Search Bar.swift in Sources */ = {isa = PBXBuildFile; fileRef = 0559D0B92C503D6B00EEEC1A /* Search Bar.swift */; };
		059CAD382C57FD1200B5F921 /* PokemonSelectionScreen.swift in Sources */ = {isa = PBXBuildFile; fileRef = 059CAD372C57FD1200B5F921 /* PokemonSelectionScreen.swift */; };
		05A747A82C57FE79008C0FF8 /* PokemonInfoScreen.swift in Sources */ = {isa = PBXBuildFile; fileRef = 05A747A72C57FE79008C0FF8 /* PokemonInfoScreen.swift */; };
		05D8BBDA2C514FBE009D208C /* Pokemon Card.swift in Sources */ = {isa = PBXBuildFile; fileRef = 05D8BBD92C514FBE009D208C /* Pokemon Card.swift */; };
		05D8BBDC2C516357009D208C /* PokemonSelectionScreenDataModel.swift in Sources */ = {isa = PBXBuildFile; fileRef = 05D8BBDB2C516357009D208C /* PokemonSelectionScreenDataModel.swift */; };
		05D8BBDE2C51642B009D208C /* PokemonSelectionScreenModelData.swift in Sources */ = {isa = PBXBuildFile; fileRef = 05D8BBDD2C51642B009D208C /* PokemonSelectionScreenModelData.swift */; };
		05D8BBE02C516457009D208C /* big_json.json in Resources */ = {isa = PBXBuildFile; fileRef = 05D8BBDF2C516457009D208C /* big_json.json */; };
		05D8BBE22C5164E0009D208C /* PokemonCardList.swift in Sources */ = {isa = PBXBuildFile; fileRef = 05D8BBE12C5164E0009D208C /* PokemonCardList.swift */; };
/* End PBXBuildFile section */

/* Begin PBXFileReference section */
		0559D0A82C500C2A00EEEC1A /* Deino Base.app */ = {isa = PBXFileReference; explicitFileType = wrapper.application; includeInIndex = 0; path = "Deino Base.app"; sourceTree = BUILT_PRODUCTS_DIR; };
		0559D0AB2C500C2A00EEEC1A /* Deino_BaseApp.swift */ = {isa = PBXFileReference; lastKnownFileType = sourcecode.swift; path = Deino_BaseApp.swift; sourceTree = "<group>"; };
		0559D0AD2C500C2A00EEEC1A /* ContentView.swift */ = {isa = PBXFileReference; lastKnownFileType = sourcecode.swift; path = ContentView.swift; sourceTree = "<group>"; };
		0559D0AF2C500C2B00EEEC1A /* Assets.xcassets */ = {isa = PBXFileReference; lastKnownFileType = folder.assetcatalog; path = Assets.xcassets; sourceTree = "<group>"; };
		0559D0B22C500C2B00EEEC1A /* Preview Assets.xcassets */ = {isa = PBXFileReference; lastKnownFileType = folder.assetcatalog; path = "Preview Assets.xcassets"; sourceTree = "<group>"; };
		0559D0B92C503D6B00EEEC1A /* Search Bar.swift */ = {isa = PBXFileReference; lastKnownFileType = sourcecode.swift; path = "Search Bar.swift"; sourceTree = "<group>"; };
		059CAD372C57FD1200B5F921 /* PokemonSelectionScreen.swift */ = {isa = PBXFileReference; lastKnownFileType = sourcecode.swift; path = PokemonSelectionScreen.swift; sourceTree = "<group>"; };
		05A747A72C57FE79008C0FF8 /* PokemonInfoScreen.swift */ = {isa = PBXFileReference; lastKnownFileType = sourcecode.swift; path = PokemonInfoScreen.swift; sourceTree = "<group>"; };
		05D8BBD92C514FBE009D208C /* Pokemon Card.swift */ = {isa = PBXFileReference; lastKnownFileType = sourcecode.swift; path = "Pokemon Card.swift"; sourceTree = "<group>"; };
		05D8BBDB2C516357009D208C /* PokemonSelectionScreenDataModel.swift */ = {isa = PBXFileReference; lastKnownFileType = sourcecode.swift; path = PokemonSelectionScreenDataModel.swift; sourceTree = "<group>"; };
		05D8BBDD2C51642B009D208C /* PokemonSelectionScreenModelData.swift */ = {isa = PBXFileReference; lastKnownFileType = sourcecode.swift; path = PokemonSelectionScreenModelData.swift; sourceTree = "<group>"; };
		05D8BBDF2C516457009D208C /* big_json.json */ = {isa = PBXFileReference; fileEncoding = 4; lastKnownFileType = text.json; name = big_json.json; path = ../../../Desktop/big_json.json; sourceTree = "<group>"; };
		05D8BBE12C5164E0009D208C /* PokemonCardList.swift */ = {isa = PBXFileReference; lastKnownFileType = sourcecode.swift; path = PokemonCardList.swift; sourceTree = "<group>"; };
/* End PBXFileReference section */

/* Begin PBXFrameworksBuildPhase section */
		0559D0A52C500C2A00EEEC1A /* Frameworks */ = {
			isa = PBXFrameworksBuildPhase;
			buildActionMask = 2147483647;
			files = (
			);
			runOnlyForDeploymentPostprocessing = 0;
		};
/* End PBXFrameworksBuildPhase section */

/* Begin PBXGroup section */
		0559D09F2C500C2A00EEEC1A = {
			isa = PBXGroup;
			children = (
				0559D0AA2C500C2A00EEEC1A /* Deino Base */,
				0559D0A92C500C2A00EEEC1A /* Products */,
			);
			sourceTree = "<group>";
		};
		0559D0A92C500C2A00EEEC1A /* Products */ = {
			isa = PBXGroup;
			children = (
				0559D0A82C500C2A00EEEC1A /* Deino Base.app */,
			);
			name = Products;
			sourceTree = "<group>";
		};
		0559D0AA2C500C2A00EEEC1A /* Deino Base */ = {
			isa = PBXGroup;
			children = (
				0559D0AB2C500C2A00EEEC1A /* Deino_BaseApp.swift */,
				0559D0AD2C500C2A00EEEC1A /* ContentView.swift */,
				05A747A62C57FE64008C0FF8 /* Pokemon Info Screen */,
				059CAD362C57FCCD00B5F921 /* Pokemon Selection Screen */,
				05D8BBDF2C516457009D208C /* big_json.json */,
				0559D0AF2C500C2B00EEEC1A /* Assets.xcassets */,
				0559D0B12C500C2B00EEEC1A /* Preview Content */,
			);
			path = "Deino Base";
			sourceTree = "<group>";
		};
		0559D0B12C500C2B00EEEC1A /* Preview Content */ = {
			isa = PBXGroup;
			children = (
				0559D0B22C500C2B00EEEC1A /* Preview Assets.xcassets */,
			);
			path = "Preview Content";
			sourceTree = "<group>";
		};
		059CAD362C57FCCD00B5F921 /* Pokemon Selection Screen */ = {
			isa = PBXGroup;
			children = (
				05D8BBDB2C516357009D208C /* PokemonSelectionScreenDataModel.swift */,
				05D8BBDD2C51642B009D208C /* PokemonSelectionScreenModelData.swift */,
				05D8BBD92C514FBE009D208C /* Pokemon Card.swift */,
				05D8BBE12C5164E0009D208C /* PokemonCardList.swift */,
				0559D0B92C503D6B00EEEC1A /* Search Bar.swift */,
				059CAD372C57FD1200B5F921 /* PokemonSelectionScreen.swift */,
			);
			path = "Pokemon Selection Screen";
			sourceTree = "<group>";
		};
		05A747A62C57FE64008C0FF8 /* Pokemon Info Screen */ = {
			isa = PBXGroup;
			children = (
				05A747A72C57FE79008C0FF8 /* PokemonInfoScreen.swift */,
			);
			path = "Pokemon Info Screen";
			sourceTree = "<group>";
		};
/* End PBXGroup section */

/* Begin PBXNativeTarget section */
		0559D0A72C500C2A00EEEC1A /* Deino Base */ = {
			isa = PBXNativeTarget;
			buildConfigurationList = 0559D0B62C500C2B00EEEC1A /* Build configuration list for PBXNativeTarget "Deino Base" */;
			buildPhases = (
				0559D0A42C500C2A00EEEC1A /* Sources */,
				0559D0A52C500C2A00EEEC1A /* Frameworks */,
				0559D0A62C500C2A00EEEC1A /* Resources */,
			);
			buildRules = (
			);
			dependencies = (
			);
			name = "Deino Base";
			productName = "Deino Base";
			productReference = 0559D0A82C500C2A00EEEC1A /* Deino Base.app */;
			productType = "com.apple.product-type.application";
		};
/* End PBXNativeTarget section */

/* Begin PBXProject section */
		0559D0A02C500C2A00EEEC1A /* Project object */ = {
			isa = PBXProject;
			attributes = {
				BuildIndependentTargetsInParallel = 1;
				LastSwiftUpdateCheck = 1540;
				LastUpgradeCheck = 1540;
				TargetAttributes = {
					0559D0A72C500C2A00EEEC1A = {
						CreatedOnToolsVersion = 15.4;
					};
				};
			};
			buildConfigurationList = 0559D0A32C500C2A00EEEC1A /* Build configuration list for PBXProject "Deino Base" */;
			compatibilityVersion = "Xcode 14.0";
			developmentRegion = en;
			hasScannedForEncodings = 0;
			knownRegions = (
				en,
				Base,
			);
			mainGroup = 0559D09F2C500C2A00EEEC1A;
			productRefGroup = 0559D0A92C500C2A00EEEC1A /* Products */;
			projectDirPath = "";
			projectRoot = "";
			targets = (
				0559D0A72C500C2A00EEEC1A /* Deino Base */,
			);
		};
/* End PBXProject section */

/* Begin PBXResourcesBuildPhase section */
		0559D0A62C500C2A00EEEC1A /* Resources */ = {
			isa = PBXResourcesBuildPhase;
			buildActionMask = 2147483647;
			files = (
				05D8BBE02C516457009D208C /* big_json.json in Resources */,
				0559D0B32C500C2B00EEEC1A /* Preview Assets.xcassets in Resources */,
				0559D0B02C500C2B00EEEC1A /* Assets.xcassets in Resources */,
			);
			runOnlyForDeploymentPostprocessing = 0;
		};
/* End PBXResourcesBuildPhase section */

/* Begin PBXSourcesBuildPhase section */
		0559D0A42C500C2A00EEEC1A /* Sources */ = {
			isa = PBXSourcesBuildPhase;
			buildActionMask = 2147483647;
			files = (
				05D8BBDA2C514FBE009D208C /* Pokemon Card.swift in Sources */,
				0559D0AE2C500C2A00EEEC1A /* ContentView.swift in Sources */,
				05D8BBE22C5164E0009D208C /* PokemonCardList.swift in Sources */,
				05D8BBDE2C51642B009D208C /* PokemonSelectionScreenModelData.swift in Sources */,
				05A747A82C57FE79008C0FF8 /* PokemonInfoScreen.swift in Sources */,
				0559D0BA2C503D6B00EEEC1A /* Search Bar.swift in Sources */,
				0559D0AC2C500C2A00EEEC1A /* Deino_BaseApp.swift in Sources */,
				059CAD382C57FD1200B5F921 /* PokemonSelectionScreen.swift in Sources */,
				05D8BBDC2C516357009D208C /* PokemonSelectionScreenDataModel.swift in Sources */,
			);
			runOnlyForDeploymentPostprocessing = 0;
		};
/* End PBXSourcesBuildPhase section */

/* Begin XCBuildConfiguration section */
		0559D0B42C500C2B00EEEC1A /* Debug */ = {
			isa = XCBuildConfiguration;
			buildSettings = {
				ALWAYS_SEARCH_USER_PATHS = NO;
				ASSETCATALOG_COMPILER_GENERATE_SWIFT_ASSET_SYMBOL_EXTENSIONS = YES;
				CLANG_ANALYZER_NONNULL = YES;
				CLANG_ANALYZER_NUMBER_OBJECT_CONVERSION = YES_AGGRESSIVE;
				CLANG_CXX_LANGUAGE_STANDARD = "gnu++20";
				CLANG_ENABLE_MODULES = YES;
				CLANG_ENABLE_OBJC_ARC = YES;
				CLANG_ENABLE_OBJC_WEAK = YES;
				CLANG_WARN_BLOCK_CAPTURE_AUTORELEASING = YES;
				CLANG_WARN_BOOL_CONVERSION = YES;
				CLANG_WARN_COMMA = YES;
				CLANG_WARN_CONSTANT_CONVERSION = YES;
				CLANG_WARN_DEPRECATED_OBJC_IMPLEMENTATIONS = YES;
				CLANG_WARN_DIRECT_OBJC_ISA_USAGE = YES_ERROR;
				CLANG_WARN_DOCUMENTATION_COMMENTS = YES;
				CLANG_WARN_EMPTY_BODY = YES;
				CLANG_WARN_ENUM_CONVERSION = YES;
				CLANG_WARN_INFINITE_RECURSION = YES;
				CLANG_WARN_INT_CONVERSION = YES;
				CLANG_WARN_NON_LITERAL_NULL_CONVERSION = YES;
				CLANG_WARN_OBJC_IMPLICIT_RETAIN_SELF = YES;
				CLANG_WARN_OBJC_LITERAL_CONVERSION = YES;
				CLANG_WARN_OBJC_ROOT_CLASS = YES_ERROR;
				CLANG_WARN_QUOTED_INCLUDE_IN_FRAMEWORK_HEADER = YES;
				CLANG_WARN_RANGE_LOOP_ANALYSIS = YES;
				CLANG_WARN_STRICT_PROTOTYPES = YES;
				CLANG_WARN_SUSPICIOUS_MOVE = YES;
				CLANG_WARN_UNGUARDED_AVAILABILITY = YES_AGGRESSIVE;
				CLANG_WARN_UNREACHABLE_CODE = YES;
				CLANG_WARN__DUPLICATE_METHOD_MATCH = YES;
				COPY_PHASE_STRIP = NO;
				DEBUG_INFORMATION_FORMAT = dwarf;
				ENABLE_STRICT_OBJC_MSGSEND = YES;
				ENABLE_TESTABILITY = YES;
				ENABLE_USER_SCRIPT_SANDBOXING = YES;
				GCC_C_LANGUAGE_STANDARD = gnu17;
				GCC_DYNAMIC_NO_PIC = NO;
				GCC_NO_COMMON_BLOCKS = YES;
				GCC_OPTIMIZATION_LEVEL = 0;
				GCC_PREPROCESSOR_DEFINITIONS = (
					"DEBUG=1",
					"$(inherited)",
				);
				GCC_WARN_64_TO_32_BIT_CONVERSION = YES;
				GCC_WARN_ABOUT_RETURN_TYPE = YES_ERROR;
				GCC_WARN_UNDECLARED_SELECTOR = YES;
				GCC_WARN_UNINITIALIZED_AUTOS = YES_AGGRESSIVE;
				GCC_WARN_UNUSED_FUNCTION = YES;
				GCC_WARN_UNUSED_VARIABLE = YES;
				IPHONEOS_DEPLOYMENT_TARGET = 17.5;
				LOCALIZATION_PREFERS_STRING_CATALOGS = YES;
				MTL_ENABLE_DEBUG_INFO = INCLUDE_SOURCE;
				MTL_FAST_MATH = YES;
				ONLY_ACTIVE_ARCH = YES;
				SDKROOT = iphoneos;
				SWIFT_ACTIVE_COMPILATION_CONDITIONS = "DEBUG $(inherited)";
				SWIFT_OPTIMIZATION_LEVEL = "-Onone";
			};
			name = Debug;
		};
		0559D0B52C500C2B00EEEC1A /* Release */ = {
			isa = XCBuildConfiguration;
			buildSettings = {
				ALWAYS_SEARCH_USER_PATHS = NO;
				ASSETCATALOG_COMPILER_GENERATE_SWIFT_ASSET_SYMBOL_EXTENSIONS = YES;
				CLANG_ANALYZER_NONNULL = YES;
				CLANG_ANALYZER_NUMBER_OBJECT_CONVERSION = YES_AGGRESSIVE;
				CLANG_CXX_LANGUAGE_STANDARD = "gnu++20";
				CLANG_ENABLE_MODULES = YES;
				CLANG_ENABLE_OBJC_ARC = YES;
				CLANG_ENABLE_OBJC_WEAK = YES;
				CLANG_WARN_BLOCK_CAPTURE_AUTORELEASING = YES;
				CLANG_WARN_BOOL_CONVERSION = YES;
				CLANG_WARN_COMMA = YES;
				CLANG_WARN_CONSTANT_CONVERSION = YES;
				CLANG_WARN_DEPRECATED_OBJC_IMPLEMENTATIONS = YES;
				CLANG_WARN_DIRECT_OBJC_ISA_USAGE = YES_ERROR;
				CLANG_WARN_DOCUMENTATION_COMMENTS = YES;
				CLANG_WARN_EMPTY_BODY = YES;
				CLANG_WARN_ENUM_CONVERSION = YES;
				CLANG_WARN_INFINITE_RECURSION = YES;
				CLANG_WARN_INT_CONVERSION = YES;
				CLANG_WARN_NON_LITERAL_NULL_CONVERSION = YES;
				CLANG_WARN_OBJC_IMPLICIT_RETAIN_SELF = YES;
				CLANG_WARN_OBJC_LITERAL_CONVERSION = YES;
				CLANG_WARN_OBJC_ROOT_CLASS = YES_ERROR;
				CLANG_WARN_QUOTED_INCLUDE_IN_FRAMEWORK_HEADER = YES;
				CLANG_WARN_RANGE_LOOP_ANALYSIS = YES;
				CLANG_WARN_STRICT_PROTOTYPES = YES;
				CLANG_WARN_SUSPICIOUS_MOVE = YES;
				CLANG_WARN_UNGUARDED_AVAILABILITY = YES_AGGRESSIVE;
				CLANG_WARN_UNREACHABLE_CODE = YES;
				CLANG_WARN__DUPLICATE_METHOD_MATCH = YES;
				COPY_PHASE_STRIP = NO;
				DEBUG_INFORMATION_FORMAT = "dwarf-with-dsym";
				ENABLE_NS_ASSERTIONS = NO;
				ENABLE_STRICT_OBJC_MSGSEND = YES;
				ENABLE_USER_SCRIPT_SANDBOXING = YES;
				GCC_C_LANGUAGE_STANDARD = gnu17;
				GCC_NO_COMMON_BLOCKS = YES;
				GCC_WARN_64_TO_32_BIT_CONVERSION = YES;
				GCC_WARN_ABOUT_RETURN_TYPE = YES_ERROR;
				GCC_WARN_UNDECLARED_SELECTOR = YES;
				GCC_WARN_UNINITIALIZED_AUTOS = YES_AGGRESSIVE;
				GCC_WARN_UNUSED_FUNCTION = YES;
				GCC_WARN_UNUSED_VARIABLE = YES;
				IPHONEOS_DEPLOYMENT_TARGET = 17.5;
				LOCALIZATION_PREFERS_STRING_CATALOGS = YES;
				MTL_ENABLE_DEBUG_INFO = NO;
				MTL_FAST_MATH = YES;
				SDKROOT = iphoneos;
				SWIFT_COMPILATION_MODE = wholemodule;
				VALIDATE_PRODUCT = YES;
			};
			name = Release;
		};
		0559D0B72C500C2B00EEEC1A /* Debug */ = {
			isa = XCBuildConfiguration;
			buildSettings = {
				ASSETCATALOG_COMPILER_APPICON_NAME = AppIcon;
				ASSETCATALOG_COMPILER_GLOBAL_ACCENT_COLOR_NAME = AccentColor;
				CODE_SIGN_STYLE = Automatic;
				CURRENT_PROJECT_VERSION = 1;
				DEVELOPMENT_ASSET_PATHS = "\"Deino Base/Preview Content\"";
				ENABLE_PREVIEWS = YES;
				GENERATE_INFOPLIST_FILE = YES;
				INFOPLIST_KEY_UIApplicationSceneManifest_Generation = YES;
				INFOPLIST_KEY_UIApplicationSupportsIndirectInputEvents = YES;
				INFOPLIST_KEY_UILaunchScreen_Generation = YES;
				INFOPLIST_KEY_UISupportedInterfaceOrientations_iPad = "UIInterfaceOrientationPortrait UIInterfaceOrientationPortraitUpsideDown UIInterfaceOrientationLandscapeLeft UIInterfaceOrientationLandscapeRight";
				INFOPLIST_KEY_UISupportedInterfaceOrientations_iPhone = "UIInterfaceOrientationPortrait UIInterfaceOrientationLandscapeLeft UIInterfaceOrientationLandscapeRight";
				LD_RUNPATH_SEARCH_PATHS = (
					"$(inherited)",
					"@executable_path/Frameworks",
				);
				MARKETING_VERSION = 1.0;
				PRODUCT_BUNDLE_IDENTIFIER = "com.TheMentalCompany.Deino-Base";
				PRODUCT_NAME = "$(TARGET_NAME)";
				SWIFT_EMIT_LOC_STRINGS = YES;
				SWIFT_VERSION = 5.0;
				TARGETED_DEVICE_FAMILY = "1,2";
			};
			name = Debug;
		};
		0559D0B82C500C2B00EEEC1A /* Release */ = {
			isa = XCBuildConfiguration;
			buildSettings = {
				ASSETCATALOG_COMPILER_APPICON_NAME = AppIcon;
				ASSETCATALOG_COMPILER_GLOBAL_ACCENT_COLOR_NAME = AccentColor;
				CODE_SIGN_STYLE = Automatic;
				CURRENT_PROJECT_VERSION = 1;
				DEVELOPMENT_ASSET_PATHS = "\"Deino Base/Preview Content\"";
				ENABLE_PREVIEWS = YES;
				GENERATE_INFOPLIST_FILE = YES;
				INFOPLIST_KEY_UIApplicationSceneManifest_Generation = YES;
				INFOPLIST_KEY_UIApplicationSupportsIndirectInputEvents = YES;
				INFOPLIST_KEY_UILaunchScreen_Generation = YES;
				INFOPLIST_KEY_UISupportedInterfaceOrientations_iPad = "UIInterfaceOrientationPortrait UIInterfaceOrientationPortraitUpsideDown UIInterfaceOrientationLandscapeLeft UIInterfaceOrientationLandscapeRight";
				INFOPLIST_KEY_UISupportedInterfaceOrientations_iPhone = "UIInterfaceOrientationPortrait UIInterfaceOrientationLandscapeLeft UIInterfaceOrientationLandscapeRight";
				LD_RUNPATH_SEARCH_PATHS = (
					"$(inherited)",
					"@executable_path/Frameworks",
				);
				MARKETING_VERSION = 1.0;
				PRODUCT_BUNDLE_IDENTIFIER = "com.TheMentalCompany.Deino-Base";
				PRODUCT_NAME = "$(TARGET_NAME)";
				SWIFT_EMIT_LOC_STRINGS = YES;
				SWIFT_VERSION = 5.0;
				TARGETED_DEVICE_FAMILY = "1,2";
			};
			name = Release;
		};
/* End XCBuildConfiguration section */

/* Begin XCConfigurationList section */
		0559D0A32C500C2A00EEEC1A /* Build configuration list for PBXProject "Deino Base" */ = {
			isa = XCConfigurationList;
			buildConfigurations = (
				0559D0B42C500C2B00EEEC1A /* Debug */,
				0559D0B52C500C2B00EEEC1A /* Release */,
			);
			defaultConfigurationIsVisible = 0;
			defaultConfigurationName = Release;
		};
		0559D0B62C500C2B00EEEC1A /* Build configuration list for PBXNativeTarget "Deino Base" */ = {
			isa = XCConfigurationList;
			buildConfigurations = (
				0559D0B72C500C2B00EEEC1A /* Debug */,
				0559D0B82C500C2B00EEEC1A /* Release */,
			);
			defaultConfigurationIsVisible = 0;
			defaultConfigurationName = Release;
		};
/* End XCConfigurationList section */
	};
	rootObject = 0559D0A02C500C2A00EEEC1A /* Project object */;
}
